// !$*UTF8*$!
{
	archiveVersion = 1;
	classes = {
	};
	objectVersion = 46;
	objects = {

/* Begin PBXBuildFile section */
		04E063A11E08FEF4009B8F26 /* main.m in Sources */ = {isa = PBXBuildFile; fileRef = 04E063A01E08FEF4009B8F26 /* main.m */; };
		04E063A41E08FEF4009B8F26 /* AppDelegate.m in Sources */ = {isa = PBXBuildFile; fileRef = 04E063A31E08FEF4009B8F26 /* AppDelegate.m */; };
		04E063A71E08FEF4009B8F26 /* ViewController.m in Sources */ = {isa = PBXBuildFile; fileRef = 04E063A61E08FEF4009B8F26 /* ViewController.m */; };
		04E063AA1E08FEF4009B8F26 /* Main.storyboard in Resources */ = {isa = PBXBuildFile; fileRef = 04E063A81E08FEF4009B8F26 /* Main.storyboard */; };
		04E063AD1E08FEF4009B8F26 /* DiningTable.xcdatamodeld in Sources */ = {isa = PBXBuildFile; fileRef = 04E063AB1E08FEF4009B8F26 /* DiningTable.xcdatamodeld */; };
		04E063AF1E08FEF4009B8F26 /* Assets.xcassets in Resources */ = {isa = PBXBuildFile; fileRef = 04E063AE1E08FEF4009B8F26 /* Assets.xcassets */; };
		04E063B21E08FEF4009B8F26 /* LaunchScreen.storyboard in Resources */ = {isa = PBXBuildFile; fileRef = 04E063B01E08FEF4009B8F26 /* LaunchScreen.storyboard */; };
		04E063BD1E08FEF4009B8F26 /* DiningTableTests.m in Sources */ = {isa = PBXBuildFile; fileRef = 04E063BC1E08FEF4009B8F26 /* DiningTableTests.m */; };
		04E063C81E08FEF4009B8F26 /* DiningTableUITests.m in Sources */ = {isa = PBXBuildFile; fileRef = 04E063C71E08FEF4009B8F26 /* DiningTableUITests.m */; };
/* End PBXBuildFile section */

/* Begin PBXContainerItemProxy section */
		04E063B91E08FEF4009B8F26 /* PBXContainerItemProxy */ = {
			isa = PBXContainerItemProxy;
			containerPortal = 04E063941E08FEF4009B8F26 /* Project object */;
			proxyType = 1;
			remoteGlobalIDString = 04E0639B1E08FEF4009B8F26;
			remoteInfo = DiningTable;
		};
		04E063C41E08FEF4009B8F26 /* PBXContainerItemProxy */ = {
			isa = PBXContainerItemProxy;
			containerPortal = 04E063941E08FEF4009B8F26 /* Project object */;
			proxyType = 1;
			remoteGlobalIDString = 04E0639B1E08FEF4009B8F26;
			remoteInfo = DiningTable;
		};
/* End PBXContainerItemProxy section */

/* Begin PBXFileReference section */
		04E0639C1E08FEF4009B8F26 /* DiningTable.app */ = {isa = PBXFileReference; explicitFileType = wrapper.application; includeInIndex = 0; path = DiningTable.app; sourceTree = BUILT_PRODUCTS_DIR; };
		04E063A01E08FEF4009B8F26 /* main.m */ = {isa = PBXFileReference; lastKnownFileType = sourcecode.c.objc; path = main.m; sourceTree = "<group>"; };
		04E063A21E08FEF4009B8F26 /* AppDelegate.h */ = {isa = PBXFileReference; lastKnownFileType = sourcecode.c.h; path = AppDelegate.h; sourceTree = "<group>"; };
		04E063A31E08FEF4009B8F26 /* AppDelegate.m */ = {isa = PBXFileReference; lastKnownFileType = sourcecode.c.objc; path = AppDelegate.m; sourceTree = "<group>"; };
		04E063A51E08FEF4009B8F26 /* ViewController.h */ = {isa = PBXFileReference; lastKnownFileType = sourcecode.c.h; path = ViewController.h; sourceTree = "<group>"; };
		04E063A61E08FEF4009B8F26 /* ViewController.m */ = {isa = PBXFileReference; lastKnownFileType = sourcecode.c.objc; path = ViewController.m; sourceTree = "<group>"; };
		04E063A91E08FEF4009B8F26 /* Base */ = {isa = PBXFileReference; lastKnownFileType = file.storyboard; name = Base; path = Base.lproj/Main.storyboard; sourceTree = "<group>"; };
		04E063AC1E08FEF4009B8F26 /* DiningTable.xcdatamodel */ = {isa = PBXFileReference; lastKnownFileType = wrapper.xcdatamodel; path = DiningTable.xcdatamodel; sourceTree = "<group>"; };
		04E063AE1E08FEF4009B8F26 /* Assets.xcassets */ = {isa = PBXFileReference; lastKnownFileType = folder.assetcatalog; path = Assets.xcassets; sourceTree = "<group>"; };
		04E063B11E08FEF4009B8F26 /* Base */ = {isa = PBXFileReference; lastKnownFileType = file.storyboard; name = Base; path = Base.lproj/LaunchScreen.storyboard; sourceTree = "<group>"; };
		04E063B31E08FEF4009B8F26 /* Info.plist */ = {isa = PBXFileReference; lastKnownFileType = text.plist.xml; path = Info.plist; sourceTree = "<group>"; };
		04E063B81E08FEF4009B8F26 /* DiningTableTests.xctest */ = {isa = PBXFileReference; explicitFileType = wrapper.cfbundle; includeInIndex = 0; path = DiningTableTests.xctest; sourceTree = BUILT_PRODUCTS_DIR; };
		04E063BC1E08FEF4009B8F26 /* DiningTableTests.m */ = {isa = PBXFileReference; lastKnownFileType = sourcecode.c.objc; path = DiningTableTests.m; sourceTree = "<group>"; };
		04E063BE1E08FEF4009B8F26 /* Info.plist */ = {isa = PBXFileReference; lastKnownFileType = text.plist.xml; path = Info.plist; sourceTree = "<group>"; };
		04E063C31E08FEF4009B8F26 /* DiningTableUITests.xctest */ = {isa = PBXFileReference; explicitFileType = wrapper.cfbundle; includeInIndex = 0; path = DiningTableUITests.xctest; sourceTree = BUILT_PRODUCTS_DIR; };
		04E063C71E08FEF4009B8F26 /* DiningTableUITests.m */ = {isa = PBXFileReference; lastKnownFileType = sourcecode.c.objc; path = DiningTableUITests.m; sourceTree = "<group>"; };
		04E063C91E08FEF4009B8F26 /* Info.plist */ = {isa = PBXFileReference; lastKnownFileType = text.plist.xml; path = Info.plist; sourceTree = "<group>"; };
/* End PBXFileReference section */

/* Begin PBXFrameworksBuildPhase section */
		04E063991E08FEF4009B8F26 /* Frameworks */ = {
			isa = PBXFrameworksBuildPhase;
			buildActionMask = 2147483647;
			files = (
			);
			runOnlyForDeploymentPostprocessing = 0;
		};
		04E063B51E08FEF4009B8F26 /* Frameworks */ = {
			isa = PBXFrameworksBuildPhase;
			buildActionMask = 2147483647;
			files = (
			);
			runOnlyForDeploymentPostprocessing = 0;
		};
		04E063C01E08FEF4009B8F26 /* Frameworks */ = {
			isa = PBXFrameworksBuildPhase;
			buildActionMask = 2147483647;
			files = (
			);
			runOnlyForDeploymentPostprocessing = 0;
		};
/* End PBXFrameworksBuildPhase section */

/* Begin PBXGroup section */
		04E063931E08FEF4009B8F26 = {
			isa = PBXGroup;
			children = (
				04E0639E1E08FEF4009B8F26 /* DiningTable */,
				04E063BB1E08FEF4009B8F26 /* DiningTableTests */,
				04E063C61E08FEF4009B8F26 /* DiningTableUITests */,
				04E0639D1E08FEF4009B8F26 /* Products */,
			);
			sourceTree = "<group>";
		};
		04E0639D1E08FEF4009B8F26 /* Products */ = {
			isa = PBXGroup;
			children = (
				04E0639C1E08FEF4009B8F26 /* DiningTable.app */,
				04E063B81E08FEF4009B8F26 /* DiningTableTests.xctest */,
				04E063C31E08FEF4009B8F26 /* DiningTableUITests.xctest */,
			);
			name = Products;
			sourceTree = "<group>";
		};
		04E0639E1E08FEF4009B8F26 /* DiningTable */ = {
			isa = PBXGroup;
			children = (
				04E063A21E08FEF4009B8F26 /* AppDelegate.h */,
				04E063A31E08FEF4009B8F26 /* AppDelegate.m */,
				04E063A51E08FEF4009B8F26 /* ViewController.h */,
				04E063A61E08FEF4009B8F26 /* ViewController.m */,
				04E063A81E08FEF4009B8F26 /* Main.storyboard */,
				04E063AE1E08FEF4009B8F26 /* Assets.xcassets */,
				04E063B01E08FEF4009B8F26 /* LaunchScreen.storyboard */,
				04E063B31E08FEF4009B8F26 /* Info.plist */,
				04E063AB1E08FEF4009B8F26 /* DiningTable.xcdatamodeld */,
				04E0639F1E08FEF4009B8F26 /* Supporting Files */,
			);
			path = DiningTable;
			sourceTree = "<group>";
		};
		04E0639F1E08FEF4009B8F26 /* Supporting Files */ = {
			isa = PBXGroup;
			children = (
				04E063A01E08FEF4009B8F26 /* main.m */,
			);
			name = "Supporting Files";
			sourceTree = "<group>";
		};
		04E063BB1E08FEF4009B8F26 /* DiningTableTests */ = {
			isa = PBXGroup;
			children = (
				04E063BC1E08FEF4009B8F26 /* DiningTableTests.m */,
				04E063BE1E08FEF4009B8F26 /* Info.plist */,
			);
			path = DiningTableTests;
			sourceTree = "<group>";
		};
		04E063C61E08FEF4009B8F26 /* DiningTableUITests */ = {
			isa = PBXGroup;
			children = (
				04E063C71E08FEF4009B8F26 /* DiningTableUITests.m */,
				04E063C91E08FEF4009B8F26 /* Info.plist */,
			);
			path = DiningTableUITests;
			sourceTree = "<group>";
		};
/* End PBXGroup section */

/* Begin PBXNativeTarget section */
		04E0639B1E08FEF4009B8F26 /* DiningTable */ = {
			isa = PBXNativeTarget;
			buildConfigurationList = 04E063CC1E08FEF4009B8F26 /* Build configuration list for PBXNativeTarget "DiningTable" */;
			buildPhases = (
				04E063981E08FEF4009B8F26 /* Sources */,
				04E063991E08FEF4009B8F26 /* Frameworks */,
				04E0639A1E08FEF4009B8F26 /* Resources */,
			);
			buildRules = (
			);
			dependencies = (
			);
			name = DiningTable;
			productName = DiningTable;
			productReference = 04E0639C1E08FEF4009B8F26 /* DiningTable.app */;
			productType = "com.apple.product-type.application";
		};
		04E063B71E08FEF4009B8F26 /* DiningTableTests */ = {
			isa = PBXNativeTarget;
			buildConfigurationList = 04E063CF1E08FEF4009B8F26 /* Build configuration list for PBXNativeTarget "DiningTableTests" */;
			buildPhases = (
				04E063B41E08FEF4009B8F26 /* Sources */,
				04E063B51E08FEF4009B8F26 /* Frameworks */,
				04E063B61E08FEF4009B8F26 /* Resources */,
			);
			buildRules = (
			);
			dependencies = (
				04E063BA1E08FEF4009B8F26 /* PBXTargetDependency */,
			);
			name = DiningTableTests;
			productName = DiningTableTests;
			productReference = 04E063B81E08FEF4009B8F26 /* DiningTableTests.xctest */;
			productType = "com.apple.product-type.bundle.unit-test";
		};
		04E063C21E08FEF4009B8F26 /* DiningTableUITests */ = {
			isa = PBXNativeTarget;
			buildConfigurationList = 04E063D21E08FEF4009B8F26 /* Build configuration list for PBXNativeTarget "DiningTableUITests" */;
			buildPhases = (
				04E063BF1E08FEF4009B8F26 /* Sources */,
				04E063C01E08FEF4009B8F26 /* Frameworks */,
				04E063C11E08FEF4009B8F26 /* Resources */,
			);
			buildRules = (
			);
			dependencies = (
				04E063C51E08FEF4009B8F26 /* PBXTargetDependency */,
			);
			name = DiningTableUITests;
			productName = DiningTableUITests;
			productReference = 04E063C31E08FEF4009B8F26 /* DiningTableUITests.xctest */;
			productType = "com.apple.product-type.bundle.ui-testing";
		};
/* End PBXNativeTarget section */

/* Begin PBXProject section */
		04E063941E08FEF4009B8F26 /* Project object */ = {
			isa = PBXProject;
			attributes = {
				LastUpgradeCheck = 0820;
				ORGANIZATIONNAME = test;
				TargetAttributes = {
					04E0639B1E08FEF4009B8F26 = {
						CreatedOnToolsVersion = 8.2;
						ProvisioningStyle = Automatic;
					};
					04E063B71E08FEF4009B8F26 = {
						CreatedOnToolsVersion = 8.2;
						ProvisioningStyle = Automatic;
						TestTargetID = 04E0639B1E08FEF4009B8F26;
					};
					04E063C21E08FEF4009B8F26 = {
						CreatedOnToolsVersion = 8.2;
						ProvisioningStyle = Automatic;
						TestTargetID = 04E0639B1E08FEF4009B8F26;
					};
				};
			};
			buildConfigurationList = 04E063971E08FEF4009B8F26 /* Build configuration list for PBXProject "DiningTable" */;
			compatibilityVersion = "Xcode 3.2";
			developmentRegion = English;
			hasScannedForEncodings = 0;
			knownRegions = (
				en,
				Base,
			);
			mainGroup = 04E063931E08FEF4009B8F26;
			productRefGroup = 04E0639D1E08FEF4009B8F26 /* Products */;
			projectDirPath = "";
			projectRoot = "";
			targets = (
				04E0639B1E08FEF4009B8F26 /* DiningTable */,
				04E063B71E08FEF4009B8F26 /* DiningTableTests */,
				04E063C21E08FEF4009B8F26 /* DiningTableUITests */,
			);
		};
/* End PBXProject section */

/* Begin PBXResourcesBuildPhase section */
		04E0639A1E08FEF4009B8F26 /* Resources */ = {
			isa = PBXResourcesBuildPhase;
			buildActionMask = 2147483647;
			files = (
				04E063B21E08FEF4009B8F26 /* LaunchScreen.storyboard in Resources */,
				04E063AF1E08FEF4009B8F26 /* Assets.xcassets in Resources */,
				04E063AA1E08FEF4009B8F26 /* Main.storyboard in Resources */,
			);
			runOnlyForDeploymentPostprocessing = 0;
		};
		04E063B61E08FEF4009B8F26 /* Resources */ = {
			isa = PBXResourcesBuildPhase;
			buildActionMask = 2147483647;
			files = (
			);
			runOnlyForDeploymentPostprocessing = 0;
		};
		04E063C11E08FEF4009B8F26 /* Resources */ = {
			isa = PBXResourcesBuildPhase;
			buildActionMask = 2147483647;
			files = (
			);
			runOnlyForDeploymentPostprocessing = 0;
		};
/* End PBXResourcesBuildPhase section */

/* Begin PBXSourcesBuildPhase section */
		04E063981E08FEF4009B8F26 /* Sources */ = {
			isa = PBXSourcesBuildPhase;
			buildActionMask = 2147483647;
			files = (
				04E063A71E08FEF4009B8F26 /* ViewController.m in Sources */,
				04E063AD1E08FEF4009B8F26 /* DiningTable.xcdatamodeld in Sources */,
				04E063A41E08FEF4009B8F26 /* AppDelegate.m in Sources */,
				04E063A11E08FEF4009B8F26 /* main.m in Sources */,
			);
			runOnlyForDeploymentPostprocessing = 0;
		};
		04E063B41E08FEF4009B8F26 /* Sources */ = {
			isa = PBXSourcesBuildPhase;
			buildActionMask = 2147483647;
			files = (
				04E063BD1E08FEF4009B8F26 /* DiningTableTests.m in Sources */,
			);
			runOnlyForDeploymentPostprocessing = 0;
		};
		04E063BF1E08FEF4009B8F26 /* Sources */ = {
			isa = PBXSourcesBuildPhase;
			buildActionMask = 2147483647;
			files = (
				04E063C81E08FEF4009B8F26 /* DiningTableUITests.m in Sources */,
			);
			runOnlyForDeploymentPostprocessing = 0;
		};
/* End PBXSourcesBuildPhase section */

/* Begin PBXTargetDependency section */
		04E063BA1E08FEF4009B8F26 /* PBXTargetDependency */ = {
			isa = PBXTargetDependency;
			target = 04E0639B1E08FEF4009B8F26 /* DiningTable */;
			targetProxy = 04E063B91E08FEF4009B8F26 /* PBXContainerItemProxy */;
		};
		04E063C51E08FEF4009B8F26 /* PBXTargetDependency */ = {
			isa = PBXTargetDependency;
			target = 04E0639B1E08FEF4009B8F26 /* DiningTable */;
			targetProxy = 04E063C41E08FEF4009B8F26 /* PBXContainerItemProxy */;
		};
/* End PBXTargetDependency section */

/* Begin PBXVariantGroup section */
		04E063A81E08FEF4009B8F26 /* Main.storyboard */ = {
			isa = PBXVariantGroup;
			children = (
				04E063A91E08FEF4009B8F26 /* Base */,
			);
			name = Main.storyboard;
			sourceTree = "<group>";
		};
		04E063B01E08FEF4009B8F26 /* LaunchScreen.storyboard */ = {
			isa = PBXVariantGroup;
			children = (
				04E063B11E08FEF4009B8F26 /* Base */,
			);
			name = LaunchScreen.storyboard;
			sourceTree = "<group>";
		};
/* End PBXVariantGroup section */

/* Begin XCBuildConfiguration section */
		04E063CA1E08FEF4009B8F26 /* Debug */ = {
			isa = XCBuildConfiguration;
			buildSettings = {
				ALWAYS_SEARCH_USER_PATHS = NO;
				CLANG_ANALYZER_NONNULL = YES;
				CLANG_CXX_LANGUAGE_STANDARD = "gnu++0x";
				CLANG_CXX_LIBRARY = "libc++";
				CLANG_ENABLE_MODULES = YES;
				CLANG_ENABLE_OBJC_ARC = YES;
				CLANG_WARN_BOOL_CONVERSION = YES;
				CLANG_WARN_CONSTANT_CONVERSION = YES;
				CLANG_WARN_DIRECT_OBJC_ISA_USAGE = YES_ERROR;
				CLANG_WARN_DOCUMENTATION_COMMENTS = YES;
				CLANG_WARN_EMPTY_BODY = YES;
				CLANG_WARN_ENUM_CONVERSION = YES;
				CLANG_WARN_INFINITE_RECURSION = YES;
				CLANG_WARN_INT_CONVERSION = YES;
				CLANG_WARN_OBJC_ROOT_CLASS = YES_ERROR;
				CLANG_WARN_SUSPICIOUS_MOVE = YES;
				CLANG_WARN_UNREACHABLE_CODE = YES;
				CLANG_WARN__DUPLICATE_METHOD_MATCH = YES;
				"CODE_SIGN_IDENTITY[sdk=iphoneos*]" = "iPhone Developer";
				COPY_PHASE_STRIP = NO;
				DEBUG_INFORMATION_FORMAT = dwarf;
				ENABLE_STRICT_OBJC_MSGSEND = YES;
				ENABLE_TESTABILITY = YES;
				GCC_C_LANGUAGE_STANDARD = gnu99;
				GCC_DYNAMIC_NO_PIC = NO;
				GCC_NO_COMMON_BLOCKS = YES;
				GCC_OPTIMIZATION_LEVEL = 0;
				GCC_PREPROCESSOR_DEFINITIONS = (
					"DEBUG=1",
					"$(inherited)",
				);
				GCC_WARN_64_TO_32_BIT_CONVERSION = YES;
				GCC_WARN_ABOUT_RETURN_TYPE = YES_ERROR;
				GCC_WARN_UNDECLARED_SELECTOR = YES;
				GCC_WARN_UNINITIALIZED_AUTOS = YES_AGGRESSIVE;
				GCC_WARN_UNUSED_FUNCTION = YES;
				GCC_WARN_UNUSED_VARIABLE = YES;
				IPHONEOS_DEPLOYMENT_TARGET = 10.2;
				MTL_ENABLE_DEBUG_INFO = YES;
				ONLY_ACTIVE_ARCH = YES;
				SDKROOT = iphoneos;
				TARGETED_DEVICE_FAMILY = "1,2";
			};
			name = Debug;
		};
		04E063CB1E08FEF4009B8F26 /* Release */ = {
			isa = XCBuildConfiguration;
			buildSettings = {
				ALWAYS_SEARCH_USER_PATHS = NO;
				CLANG_ANALYZER_NONNULL = YES;
				CLANG_CXX_LANGUAGE_STANDARD = "gnu++0x";
				CLANG_CXX_LIBRARY = "libc++";
				CLANG_ENABLE_MODULES = YES;
				CLANG_ENABLE_OBJC_ARC = YES;
				CLANG_WARN_BOOL_CONVERSION = YES;
				CLANG_WARN_CONSTANT_CONVERSION = YES;
				CLANG_WARN_DIRECT_OBJC_ISA_USAGE = YES_ERROR;
				CLANG_WARN_DOCUMENTATION_COMMENTS = YES;
				CLANG_WARN_EMPTY_BODY = YES;
				CLANG_WARN_ENUM_CONVERSION = YES;
				CLANG_WARN_INFINITE_RECURSION = YES;
				CLANG_WARN_INT_CONVERSION = YES;
				CLANG_WARN_OBJC_ROOT_CLASS = YES_ERROR;
				CLANG_WARN_SUSPICIOUS_MOVE = YES;
				CLANG_WARN_UNREACHABLE_CODE = YES;
				CLANG_WARN__DUPLICATE_METHOD_MATCH = YES;
				"CODE_SIGN_IDENTITY[sdk=iphoneos*]" = "iPhone Developer";
				COPY_PHASE_STRIP = NO;
				DEBUG_INFORMATION_FORMAT = "dwarf-with-dsym";
				ENABLE_NS_ASSERTIONS = NO;
				ENABLE_STRICT_OBJC_MSGSEND = YES;
				GCC_C_LANGUAGE_STANDARD = gnu99;
				GCC_NO_COMMON_BLOCKS = YES;
				GCC_WARN_64_TO_32_BIT_CONVERSION = YES;
				GCC_WARN_ABOUT_RETURN_TYPE = YES_ERROR;
				GCC_WARN_UNDECLARED_SELECTOR = YES;
				GCC_WARN_UNINITIALIZED_AUTOS = YES_AGGRESSIVE;
				GCC_WARN_UNUSED_FUNCTION = YES;
				GCC_WARN_UNUSED_VARIABLE = YES;
				IPHONEOS_DEPLOYMENT_TARGET = 10.2;
				MTL_ENABLE_DEBUG_INFO = NO;
				SDKROOT = iphoneos;
				TARGETED_DEVICE_FAMILY = "1,2";
				VALIDATE_PRODUCT = YES;
			};
			name = Release;
		};
		04E063CD1E08FEF4009B8F26 /* Debug */ = {
			isa = XCBuildConfiguration;
			buildSettings = {
				ASSETCATALOG_COMPILER_APPICON_NAME = AppIcon;
				INFOPLIST_FILE = DiningTable/Info.plist;
				LD_RUNPATH_SEARCH_PATHS = "$(inherited) @executable_path/Frameworks";
				PRODUCT_BUNDLE_IDENTIFIER = zuxia.com.DiningTable;
				PRODUCT_NAME = "$(TARGET_NAME)";
			};
			name = Debug;
		};
		04E063CE1E08FEF4009B8F26 /* Release */ = {
			isa = XCBuildConfiguration;
			buildSettings = {
				ASSETCATALOG_COMPILER_APPICON_NAME = AppIcon;
				INFOPLIST_FILE = DiningTable/Info.plist;
				LD_RUNPATH_SEARCH_PATHS = "$(inherited) @executable_path/Frameworks";
				PRODUCT_BUNDLE_IDENTIFIER = zuxia.com.DiningTable;
				PRODUCT_NAME = "$(TARGET_NAME)";
			};
			name = Release;
		};
		04E063D01E08FEF4009B8F26 /* Debug */ = {
			isa = XCBuildConfiguration;
			buildSettings = {
				BUNDLE_LOADER = "$(TEST_HOST)";
				INFOPLIST_FILE = DiningTableTests/Info.plist;
				LD_RUNPATH_SEARCH_PATHS = "$(inherited) @executable_path/Frameworks @loader_path/Frameworks";
				PRODUCT_BUNDLE_IDENTIFIER = zuxia.com.DiningTableTests;
				PRODUCT_NAME = "$(TARGET_NAME)";
				TEST_HOST = "$(BUILT_PRODUCTS_DIR)/DiningTable.app/DiningTable";
			};
			name = Debug;
		};
		04E063D11E08FEF4009B8F26 /* Release */ = {
			isa = XCBuildConfiguration;
			buildSettings = {
				BUNDLE_LOADER = "$(TEST_HOST)";
				INFOPLIST_FILE = DiningTableTests/Info.plist;
				LD_RUNPATH_SEARCH_PATHS = "$(inherited) @executable_path/Frameworks @loader_path/Frameworks";
				PRODUCT_BUNDLE_IDENTIFIER = zuxia.com.DiningTableTests;
				PRODUCT_NAME = "$(TARGET_NAME)";
				TEST_HOST = "$(BUILT_PRODUCTS_DIR)/DiningTable.app/DiningTable";
			};
			name = Release;
		};
		04E063D31E08FEF4009B8F26 /* Debug */ = {
			isa = XCBuildConfiguration;
			buildSettings = {
				INFOPLIST_FILE = DiningTableUITests/Info.plist;
				LD_RUNPATH_SEARCH_PATHS = "$(inherited) @executable_path/Frameworks @loader_path/Frameworks";
				PRODUCT_BUNDLE_IDENTIFIER = zuxia.com.DiningTableUITests;
				PRODUCT_NAME = "$(TARGET_NAME)";
				TEST_TARGET_NAME = DiningTable;
			};
			name = Debug;
		};
		04E063D41E08FEF4009B8F26 /* Release */ = {
			isa = XCBuildConfiguration;
			buildSettings = {
				INFOPLIST_FILE = DiningTableUITests/Info.plist;
				LD_RUNPATH_SEARCH_PATHS = "$(inherited) @executable_path/Frameworks @loader_path/Frameworks";
				PRODUCT_BUNDLE_IDENTIFIER = zuxia.com.DiningTableUITests;
				PRODUCT_NAME = "$(TARGET_NAME)";
				TEST_TARGET_NAME = DiningTable;
			};
			name = Release;
		};
/* End XCBuildConfiguration section */

/* Begin XCConfigurationList section */
		04E063971E08FEF4009B8F26 /* Build configuration list for PBXProject "DiningTable" */ = {
			isa = XCConfigurationList;
			buildConfigurations = (
				04E063CA1E08FEF4009B8F26 /* Debug */,
				04E063CB1E08FEF4009B8F26 /* Release */,
			);
			defaultConfigurationIsVisible = 0;
			defaultConfigurationName = Release;
		};
		04E063CC1E08FEF4009B8F26 /* Build configuration list for PBXNativeTarget "DiningTable" */ = {
			isa = XCConfigurationList;
			buildConfigurations = (
				04E063CD1E08FEF4009B8F26 /* Debug */,
				04E063CE1E08FEF4009B8F26 /* Release */,
			);
			defaultConfigurationIsVisible = 0;
		};
		04E063CF1E08FEF4009B8F26 /* Build configuration list for PBXNativeTarget "DiningTableTests" */ = {
			isa = XCConfigurationList;
			buildConfigurations = (
				04E063D01E08FEF4009B8F26 /* Debug */,
				04E063D11E08FEF4009B8F26 /* Release */,
			);
			defaultConfigurationIsVisible = 0;
		};
		04E063D21E08FEF4009B8F26 /* Build configuration list for PBXNativeTarget "DiningTableUITests" */ = {
			isa = XCConfigurationList;
			buildConfigurations = (
				04E063D31E08FEF4009B8F26 /* Debug */,
				04E063D41E08FEF4009B8F26 /* Release */,
			);
			defaultConfigurationIsVisible = 0;
		};
/* End XCConfigurationList section */

/* Begin XCVersionGroup section */
		04E063AB1E08FEF4009B8F26 /* DiningTable.xcdatamodeld */ = {
			isa = XCVersionGroup;
			children = (
				04E063AC1E08FEF4009B8F26 /* DiningTable.xcdatamodel */,
			);
			currentVersion = 04E063AC1E08FEF4009B8F26 /* DiningTable.xcdatamodel */;
			path = DiningTable.xcdatamodeld;
			sourceTree = "<group>";
			versionGroupType = wrapper.xcdatamodel;
		};
/* End XCVersionGroup section */
	};
	rootObject = 04E063941E08FEF4009B8F26 /* Project object */;
}
